{
  "name": "spaceboats",
  "version": "1.0.0",
  "lockfileVersion": 3,
  "requires": true,
  "packages": {
    "": {
      "name": "spaceboats",
      "version": "1.0.0",
      "license": "ISC",
      "dependencies": {
        "@spacejunk/airlock": "^1.3.0",
        "dotenv": "^16.0.3"
      },
      "devDependencies": {
        "@types/node": "^20.2.5"
      }
    },
    "node_modules/@spacejunk/airlock": {
      "version": "1.3.0",
      "resolved": "https://registry.npmjs.org/@spacejunk/airlock/-/airlock-1.3.0.tgz",
      "integrity": "sha512-rxYlt+MZhiuIaVF8bvmObsWf/U/Wd0wCOwdDJwDeLiqAZuN7PEULD4QOPP+baF1rcdZMbhe/8bQzxA7rOdStFg==",
      "engines": {
        "node": ">=18.0.0"
      }
    },
    "node_modules/@types/node": {
      "version": "20.2.5",
      "resolved": "https://registry.npmjs.org/@types/node/-/node-20.2.5.tgz",
      "integrity": "sha512-JJulVEQXmiY9Px5axXHeYGLSjhkZEnD+MDPDGbCbIAbMslkKwmygtZFy1X6s/075Yo94sf8GuSlFfPzysQrWZQ==",
      "dev": true
    },
    "node_modules/dotenv": {
      "version": "16.0.3",
      "resolved": "https://registry.npmjs.org/dotenv/-/dotenv-16.0.3.tgz",
      "integrity": "sha512-7GO6HghkA5fYG9TYnNxi14/7K9f5occMlp3zXAuSxn7CKCxt9xbNWG7yF8hTCSUchlfWSe3uLmlPfigevRItzQ==",
      "engines": {
        "node": ">=12"
      }
    }
  }
}
